{
  "name": "lumina-gateway",
  "version": "0.1.0",
  "lockfileVersion": 3,
  "requires": true,
  "packages": {
    "": {
      "name": "lumina-gateway",
      "version": "0.1.0",
      "license": "ISC",
      "dependencies": {
        "@hono/node-server": "^1.19.11",
        "hono": "^4.12.5"
      }
    },
    "node_modules/@hono/node-server": {
      "version": "1.19.11",
      "resolved": "https://registry.npmmirror.com/@hono/node-server/-/node-server-1.19.11.tgz",
      "integrity": "sha512-dr8/3zEaB+p0D2n/IUrlPF1HZm586qgJNXK1a9fhg/PzdtkK7Ksd5l312tJX2yBuALqDYBlG20QEbayqPyxn+g==",
      "license": "MIT",
      "engines": {
        "node": ">=18.14.1"
      },
      "peerDependencies": {
        "hono": "^4"
      }
    },
    "node_modules/hono": {
      "version": "4.12.5",
      "resolved": "https://registry.npmmirror.com/hono/-/hono-4.12.5.tgz",
      "integrity": "sha512-3qq+FUBtlTHhtYxbxheZgY8NIFnkkC/MR8u5TTsr7YZ3wixryQ3cCwn3iZbg8p8B88iDBBAYSfZDS75t8MN7Vg==",
      "license": "MIT",
      "engines": {
        "node": ">=16.9.0"
      }
    }
  }
}
